
Microsoft Visual Studio Solution File, Format Version 12.00
# Visual Studio Version 17
VisualStudioVersion = 17.9.34728.123
MinimumVisualStudioVersion = 10.0.40219.1
Project("{9A19103F-16F7-4668-BE54-9A1E7A4F7556}") = "API", "API\API.csproj", "{5B1EB9B6-62D7-446D-BCBA-AB1D10151DD3}"
EndProject
Project("{FAE04EC0-301F-11D3-BF4B-00C04F79EFBC}") = "Application", "Application\Application.csproj", "{24629F9D-BF1A-48A8-A1D7-00D895376196}"
EndProject
Project("{FAE04EC0-301F-11D3-BF4B-00C04F79EFBC}") = "Domain", "Domain\Domain.csproj", "{68AB8572-4927-40D5-B002-A3BF2681824C}"
EndProject
Project("{FAE04EC0-301F-11D3-BF4B-00C04F79EFBC}") = "Infrastructure", "Infrastructure\Infrastructure.csproj", "{BAD41B82-1D80-4999-BB4E-0989FC749AEB}"
EndProject
Project("{FAE04EC0-301F-11D3-BF4B-00C04F79EFBC}") = "Shared", "Shared\Shared.csproj", "{FC08E0EB-C9EC-4A85-8154-E498CC6FD6A2}"
EndProject
Global
	GlobalSection(SolutionConfigurationPlatforms) = preSolution
		Debug|Any CPU = Debug|Any CPU
		Release|Any CPU = Release|Any CPU
	EndGlobalSection
	GlobalSection(ProjectConfigurationPlatforms) = postSolution
		{5B1EB9B6-62D7-446D-BCBA-AB1D10151DD3}.Debug|Any CPU.ActiveCfg = Debug|Any CPU
		{5B1EB9B6-62D7-446D-BCBA-AB1D10151DD3}.Debug|Any CPU.Build.0 = Debug|Any CPU
		{5B1EB9B6-62D7-446D-BCBA-AB1D10151DD3}.Release|Any CPU.ActiveCfg = Release|Any CPU
		{5B1EB9B6-62D7-446D-BCBA-AB1D10151DD3}.Release|Any CPU.Build.0 = Release|Any CPU
		{24629F9D-BF1A-48A8-A1D7-00D895376196}.Debug|Any CPU.ActiveCfg = Debug|Any CPU
		{24629F9D-BF1A-48A8-A1D7-00D895376196}.Debug|Any CPU.Build.0 = Debug|Any CPU
		{24629F9D-BF1A-48A8-A1D7-00D895376196}.Release|Any CPU.ActiveCfg = Release|Any CPU
		{24629F9D-BF1A-48A8-A1D7-00D895376196}.Release|Any CPU.Build.0 = Release|Any CPU
		{68AB8572-4927-40D5-B002-A3BF2681824C}.Debug|Any CPU.ActiveCfg = Debug|Any CPU
		{68AB8572-4927-40D5-B002-A3BF2681824C}.Debug|Any CPU.Build.0 = Debug|Any CPU
		{68AB8572-4927-40D5-B002-A3BF2681824C}.Release|Any CPU.ActiveCfg = Release|Any CPU
		{68AB8572-4927-40D5-B002-A3BF2681824C}.Release|Any CPU.Build.0 = Release|Any CPU
		{BAD41B82-1D80-4999-BB4E-0989FC749AEB}.Debug|Any CPU.ActiveCfg = Debug|Any CPU
		{BAD41B82-1D80-4999-BB4E-0989FC749AEB}.Debug|Any CPU.Build.0 = Debug|Any CPU
		{BAD41B82-1D80-4999-BB4E-0989FC749AEB}.Release|Any CPU.ActiveCfg = Release|Any CPU
		{BAD41B82-1D80-4999-BB4E-0989FC749AEB}.Release|Any CPU.Build.0 = Release|Any CPU
		{FC08E0EB-C9EC-4A85-8154-E498CC6FD6A2}.Debug|Any CPU.ActiveCfg = Debug|Any CPU
		{FC08E0EB-C9EC-4A85-8154-E498CC6FD6A2}.Debug|Any CPU.Build.0 = Debug|Any CPU
		{FC08E0EB-C9EC-4A85-8154-E498CC6FD6A2}.Release|Any CPU.ActiveCfg = Release|Any CPU
		{FC08E0EB-C9EC-4A85-8154-E498CC6FD6A2}.Release|Any CPU.Build.0 = Release|Any CPU
	EndGlobalSection
	GlobalSection(SolutionProperties) = preSolution
		HideSolutionNode = FALSE
	EndGlobalSection
	GlobalSection(ExtensibilityGlobals) = postSolution
		SolutionGuid = {01A30698-FA3F-4691-A897-483212EC0219}
	EndGlobalSection
EndGlobal
